github.com/MichaelS11/go-dht v0.1.0 h1:Ihf8xpZx/aprZ6A0x5rVVytLO+50unJo04SWvADwdjQ=
github.com/MichaelS11/go-dht v0.1.0/go.mod h1:NTx2rUi8kfs8Qk9Fotoyf/3lQnKBdc2mhyZqO4AhVLI=
github.com/jessevdk/go-flags v1.4.0 h1:4IU2WS7AumrZ/40jfhf4QVDMsQwqA7VEHozFRrGARJA=
github.com/jessevdk/go-flags v1.4.0/go.mod h1:4FA24M0QyGHXBuZZK/XkWh8h0e1EYbRYJSGM75WSRxI=
periph.io/x/periph v1.0.0 h1:bwoS1Re14o6WinWbTuZuwX9Yh/5Rco4iNCl/CA+Kca8=
periph.io/x/periph v3.6.7+incompatible h1:ZfRdHbcxVekgSJZmxp3873YpxNdWs6wg7waDCF7GB18=
periph.io/x/periph v3.6.7+incompatible/go.mod h1:EWr+FCIU2dBWz5/wSWeiIUJTriYv9v2j2ENBmgYyy7Y=
